
Microsoft Visual Studio Solution File, Format Version 12.00
# Visual Studio Version 16
VisualStudioVersion = 16.0.29609.76
MinimumVisualStudioVersion = 10.0.40219.1
Project("{FAE04EC0-301F-11D3-BF4B-00C04F79EFBC}") = "WebApiAngular", "WebApiAngular.csproj", "{69B69ED5-CE40-4305-B623-6773E41816F1}"
EndProject
Global
	GlobalSection(SolutionConfigurationPlatforms) = preSolution
		Debug|Any CPU = Debug|Any CPU
		Release|Any CPU = Release|Any CPU
	EndGlobalSection
	GlobalSection(ProjectConfigurationPlatforms) = postSolution
		{69B69ED5-CE40-4305-B623-6773E41816F1}.Debug|Any CPU.ActiveCfg = Debug|Any CPU
		{69B69ED5-CE40-4305-B623-6773E41816F1}.Debug|Any CPU.Build.0 = Debug|Any CPU
		{69B69ED5-CE40-4305-B623-6773E41816F1}.Release|Any CPU.ActiveCfg = Release|Any CPU
		{69B69ED5-CE40-4305-B623-6773E41816F1}.Release|Any CPU.Build.0 = Release|Any CPU
	EndGlobalSection
	GlobalSection(SolutionProperties) = preSolution
		HideSolutionNode = FALSE
	EndGlobalSection
	GlobalSection(ExtensibilityGlobals) = postSolution
		SolutionGuid = {F4DC330F-BD83-49DD-9E75-D4EDB90500C8}
	EndGlobalSection
EndGlobal
